
Microsoft Visual Studio Solution File, Format Version 12.00
# Visual Studio Version 16
VisualStudioVersion = 16.0.31105.61
MinimumVisualStudioVersion = 10.0.40219.1
Project("{FAE04EC0-301F-11D3-BF4B-00C04F79EFBC}") = "ReplyCodeChallenge", "ReplyCodeChallenge\ReplyCodeChallenge.csproj", "{4C4062C7-9DD7-4974-A1A4-1BB994EBA5AF}"
EndProject
Global
	GlobalSection(SolutionConfigurationPlatforms) = preSolution
		Debug|Any CPU = Debug|Any CPU
		Release|Any CPU = Release|Any CPU
	EndGlobalSection
	GlobalSection(ProjectConfigurationPlatforms) = postSolution
		{4C4062C7-9DD7-4974-A1A4-1BB994EBA5AF}.Debug|Any CPU.ActiveCfg = Debug|Any CPU
		{4C4062C7-9DD7-4974-A1A4-1BB994EBA5AF}.Debug|Any CPU.Build.0 = Debug|Any CPU
		{4C4062C7-9DD7-4974-A1A4-1BB994EBA5AF}.Release|Any CPU.ActiveCfg = Release|Any CPU
		{4C4062C7-9DD7-4974-A1A4-1BB994EBA5AF}.Release|Any CPU.Build.0 = Release|Any CPU
	EndGlobalSection
	GlobalSection(SolutionProperties) = preSolution
		HideSolutionNode = FALSE
	EndGlobalSection
	GlobalSection(ExtensibilityGlobals) = postSolution
		SolutionGuid = {A7FB9D0E-41AF-4B12-8A9E-4388A2C2500C}
	EndGlobalSection
EndGlobal
